
Microsoft Visual Studio Solution File, Format Version 12.00
# Visual Studio 15
Project("{FAE04EC0-301F-11D3-BF4B-00C04F79EFBC}") = "StockTracker", "StockTracker\StockTracker.csproj", "{D21ED9B4-C9A8-43E1-983D-FDE531F85314}"
EndProject
Project("{FAE04EC0-301F-11D3-BF4B-00C04F79EFBC}") = "StockTracker.Test", "StockTracker\StockTracker.Test\StockTracker.Test.csproj", "{0E9ABEAC-3DEF-46C2-91E5-36BBFECA5905}"
EndProject
Global
	GlobalSection(SolutionConfigurationPlatforms) = preSolution
		Debug|Any CPU = Debug|Any CPU
		Release|Any CPU = Release|Any CPU
	EndGlobalSection
	GlobalSection(ProjectConfigurationPlatforms) = postSolution
		{D21ED9B4-C9A8-43E1-983D-FDE531F85314}.Debug|Any CPU.ActiveCfg = Debug|Any CPU
		{D21ED9B4-C9A8-43E1-983D-FDE531F85314}.Debug|Any CPU.Build.0 = Debug|Any CPU
		{D21ED9B4-C9A8-43E1-983D-FDE531F85314}.Release|Any CPU.ActiveCfg = Release|Any CPU
		{D21ED9B4-C9A8-43E1-983D-FDE531F85314}.Release|Any CPU.Build.0 = Release|Any CPU
		{0E9ABEAC-3DEF-46C2-91E5-36BBFECA5905}.Debug|Any CPU.ActiveCfg = Debug|Any CPU
		{0E9ABEAC-3DEF-46C2-91E5-36BBFECA5905}.Debug|Any CPU.Build.0 = Debug|Any CPU
		{0E9ABEAC-3DEF-46C2-91E5-36BBFECA5905}.Release|Any CPU.ActiveCfg = Release|Any CPU
		{0E9ABEAC-3DEF-46C2-91E5-36BBFECA5905}.Release|Any CPU.Build.0 = Release|Any CPU
	EndGlobalSection
EndGlobal
